
Microsoft Visual Studio Solution File, Format Version 12.00
# Visual Studio 14
VisualStudioVersion = 14.0.25420.1
MinimumVisualStudioVersion = 10.0.40219.1
Project("{FAE04EC0-301F-11D3-BF4B-00C04F79EFBC}") = "Photography.Models", "Photography.Models\Photography.Models.csproj", "{1569C4C4-0EC7-43A6-9EAA-F21C370B960F}"
EndProject
Project("{FAE04EC0-301F-11D3-BF4B-00C04F79EFBC}") = "Photography.Data", "Photography.Data\Photography.Data.csproj", "{41A0A0D7-9346-4CA9-BFE7-E6E1E63DD583}"
EndProject
Project("{FAE04EC0-301F-11D3-BF4B-00C04F79EFBC}") = "Photography.ConsoleClient", "Photography.ConsoleClient\Photography.ConsoleClient.csproj", "{51AE7EE6-7B11-4D42-8696-778311028CFA}"
EndProject
Project("{FAE04EC0-301F-11D3-BF4B-00C04F79EFBC}") = "Photography.JsonImport", "Photography.JsonImport\Photography.JsonImport.csproj", "{1E340A77-861A-4482-B081-D2B19FD7B8D4}"
EndProject
Project("{FAE04EC0-301F-11D3-BF4B-00C04F79EFBC}") = "Photography.JsonExport", "Photography.JsonExport\Photography.JsonExport.csproj", "{8634A116-7D6A-4EF5-AD76-21DEE8C58EA1}"
EndProject
Project("{FAE04EC0-301F-11D3-BF4B-00C04F79EFBC}") = "Photography.XmlImport", "Photography.XmlImport\Photography.XmlImport.csproj", "{916CD343-97E0-4319-91A6-1D1C11300199}"
EndProject
Project("{FAE04EC0-301F-11D3-BF4B-00C04F79EFBC}") = "Photography.XmlExport", "Photography.XmlExport\Photography.XmlExport.csproj", "{C2D04575-1FD7-4F2D-8451-597B4A6D2FE7}"
EndProject
Global
	GlobalSection(SolutionConfigurationPlatforms) = preSolution
		Debug|Any CPU = Debug|Any CPU
		Release|Any CPU = Release|Any CPU
	EndGlobalSection
	GlobalSection(ProjectConfigurationPlatforms) = postSolution
		{1569C4C4-0EC7-43A6-9EAA-F21C370B960F}.Debug|Any CPU.ActiveCfg = Debug|Any CPU
		{1569C4C4-0EC7-43A6-9EAA-F21C370B960F}.Debug|Any CPU.Build.0 = Debug|Any CPU
		{1569C4C4-0EC7-43A6-9EAA-F21C370B960F}.Release|Any CPU.ActiveCfg = Release|Any CPU
		{1569C4C4-0EC7-43A6-9EAA-F21C370B960F}.Release|Any CPU.Build.0 = Release|Any CPU
		{41A0A0D7-9346-4CA9-BFE7-E6E1E63DD583}.Debug|Any CPU.ActiveCfg = Debug|Any CPU
		{41A0A0D7-9346-4CA9-BFE7-E6E1E63DD583}.Debug|Any CPU.Build.0 = Debug|Any CPU
		{41A0A0D7-9346-4CA9-BFE7-E6E1E63DD583}.Release|Any CPU.ActiveCfg = Release|Any CPU
		{41A0A0D7-9346-4CA9-BFE7-E6E1E63DD583}.Release|Any CPU.Build.0 = Release|Any CPU
		{51AE7EE6-7B11-4D42-8696-778311028CFA}.Debug|Any CPU.ActiveCfg = Debug|Any CPU
		{51AE7EE6-7B11-4D42-8696-778311028CFA}.Debug|Any CPU.Build.0 = Debug|Any CPU
		{51AE7EE6-7B11-4D42-8696-778311028CFA}.Release|Any CPU.ActiveCfg = Release|Any CPU
		{51AE7EE6-7B11-4D42-8696-778311028CFA}.Release|Any CPU.Build.0 = Release|Any CPU
		{1E340A77-861A-4482-B081-D2B19FD7B8D4}.Debug|Any CPU.ActiveCfg = Debug|Any CPU
		{1E340A77-861A-4482-B081-D2B19FD7B8D4}.Debug|Any CPU.Build.0 = Debug|Any CPU
		{1E340A77-861A-4482-B081-D2B19FD7B8D4}.Release|Any CPU.ActiveCfg = Release|Any CPU
		{1E340A77-861A-4482-B081-D2B19FD7B8D4}.Release|Any CPU.Build.0 = Release|Any CPU
		{8634A116-7D6A-4EF5-AD76-21DEE8C58EA1}.Debug|Any CPU.ActiveCfg = Debug|Any CPU
		{8634A116-7D6A-4EF5-AD76-21DEE8C58EA1}.Debug|Any CPU.Build.0 = Debug|Any CPU
		{8634A116-7D6A-4EF5-AD76-21DEE8C58EA1}.Release|Any CPU.ActiveCfg = Release|Any CPU
		{8634A116-7D6A-4EF5-AD76-21DEE8C58EA1}.Release|Any CPU.Build.0 = Release|Any CPU
		{916CD343-97E0-4319-91A6-1D1C11300199}.Debug|Any CPU.ActiveCfg = Debug|Any CPU
		{916CD343-97E0-4319-91A6-1D1C11300199}.Debug|Any CPU.Build.0 = Debug|Any CPU
		{916CD343-97E0-4319-91A6-1D1C11300199}.Release|Any CPU.ActiveCfg = Release|Any CPU
		{916CD343-97E0-4319-91A6-1D1C11300199}.Release|Any CPU.Build.0 = Release|Any CPU
		{C2D04575-1FD7-4F2D-8451-597B4A6D2FE7}.Debug|Any CPU.ActiveCfg = Debug|Any CPU
		{C2D04575-1FD7-4F2D-8451-597B4A6D2FE7}.Debug|Any CPU.Build.0 = Debug|Any CPU
		{C2D04575-1FD7-4F2D-8451-597B4A6D2FE7}.Release|Any CPU.ActiveCfg = Release|Any CPU
		{C2D04575-1FD7-4F2D-8451-597B4A6D2FE7}.Release|Any CPU.Build.0 = Release|Any CPU
	EndGlobalSection
	GlobalSection(SolutionProperties) = preSolution
		HideSolutionNode = FALSE
	EndGlobalSection
EndGlobal
